
Microsoft Visual Studio Solution File, Format Version 12.00
# Visual Studio Version 17
VisualStudioVersion = 17.5.33627.172
MinimumVisualStudioVersion = 10.0.40219.1
Project("{9A19103F-16F7-4668-BE54-9A1E7A4F7556}") = "PGDevOpsTips.Web", "PGDevOpsTips.Web\PGDevOpsTips.Web.csproj", "{511BCB0B-79E1-46B1-8255-2DAB3D02A79C}"
EndProject
Project("{9A19103F-16F7-4668-BE54-9A1E7A4F7556}") = "PGDevOpsTips.NetArchTest", "PGDevOpsTips.NetArchTest\PGDevOpsTips.NetArchTest.csproj", "{618C91B3-A4D3-43DD-87DB-624A4D83D2E9}"
EndProject
Project("{9A19103F-16F7-4668-BE54-9A1E7A4F7556}") = "PGDevOpsTips.UnitTest", "PGDevOpsTips.UnitTest\PGDevOpsTips.UnitTest.csproj", "{7021202D-8D0E-44A6-A0C4-1D4C05ADCCCD}"
EndProject
Project("{9A19103F-16F7-4668-BE54-9A1E7A4F7556}") = "PGDevOpsTips.Domain", "PGDevOpsTips.Domain\PGDevOpsTips.Domain.csproj", "{D1FF5280-8B40-4144-8BB0-423E1AAE0396}"
EndProject
Project("{9A19103F-16F7-4668-BE54-9A1E7A4F7556}") = "PGDevOpsTips.Services.Common", "PGDevOpsTips.Services.Common\PGDevOpsTips.Services.Common.csproj", "{AA82E996-923C-4216-BD17-401DEFFFE4D1}"
EndProject
Project("{9A19103F-16F7-4668-BE54-9A1E7A4F7556}") = "PGDevOpsTips.Workflow", "PGDevOpsTips.Workflow\PGDevOpsTips.Workflow.csproj", "{009BD0B6-A217-48C4-B500-B6B1D948FB49}"
EndProject
Global
	GlobalSection(SolutionConfigurationPlatforms) = preSolution
		Debug|Any CPU = Debug|Any CPU
		Release|Any CPU = Release|Any CPU
	EndGlobalSection
	GlobalSection(ProjectConfigurationPlatforms) = postSolution
		{511BCB0B-79E1-46B1-8255-2DAB3D02A79C}.Debug|Any CPU.ActiveCfg = Debug|Any CPU
		{511BCB0B-79E1-46B1-8255-2DAB3D02A79C}.Debug|Any CPU.Build.0 = Debug|Any CPU
		{511BCB0B-79E1-46B1-8255-2DAB3D02A79C}.Release|Any CPU.ActiveCfg = Release|Any CPU
		{511BCB0B-79E1-46B1-8255-2DAB3D02A79C}.Release|Any CPU.Build.0 = Release|Any CPU
		{618C91B3-A4D3-43DD-87DB-624A4D83D2E9}.Debug|Any CPU.ActiveCfg = Debug|Any CPU
		{618C91B3-A4D3-43DD-87DB-624A4D83D2E9}.Debug|Any CPU.Build.0 = Debug|Any CPU
		{618C91B3-A4D3-43DD-87DB-624A4D83D2E9}.Release|Any CPU.ActiveCfg = Release|Any CPU
		{618C91B3-A4D3-43DD-87DB-624A4D83D2E9}.Release|Any CPU.Build.0 = Release|Any CPU
		{7021202D-8D0E-44A6-A0C4-1D4C05ADCCCD}.Debug|Any CPU.ActiveCfg = Debug|Any CPU
		{7021202D-8D0E-44A6-A0C4-1D4C05ADCCCD}.Debug|Any CPU.Build.0 = Debug|Any CPU
		{7021202D-8D0E-44A6-A0C4-1D4C05ADCCCD}.Release|Any CPU.ActiveCfg = Release|Any CPU
		{7021202D-8D0E-44A6-A0C4-1D4C05ADCCCD}.Release|Any CPU.Build.0 = Release|Any CPU
		{D1FF5280-8B40-4144-8BB0-423E1AAE0396}.Debug|Any CPU.ActiveCfg = Debug|Any CPU
		{D1FF5280-8B40-4144-8BB0-423E1AAE0396}.Debug|Any CPU.Build.0 = Debug|Any CPU
		{D1FF5280-8B40-4144-8BB0-423E1AAE0396}.Release|Any CPU.ActiveCfg = Release|Any CPU
		{D1FF5280-8B40-4144-8BB0-423E1AAE0396}.Release|Any CPU.Build.0 = Release|Any CPU
		{AA82E996-923C-4216-BD17-401DEFFFE4D1}.Debug|Any CPU.ActiveCfg = Debug|Any CPU
		{AA82E996-923C-4216-BD17-401DEFFFE4D1}.Debug|Any CPU.Build.0 = Debug|Any CPU
		{AA82E996-923C-4216-BD17-401DEFFFE4D1}.Release|Any CPU.ActiveCfg = Release|Any CPU
		{AA82E996-923C-4216-BD17-401DEFFFE4D1}.Release|Any CPU.Build.0 = Release|Any CPU
		{009BD0B6-A217-48C4-B500-B6B1D948FB49}.Debug|Any CPU.ActiveCfg = Debug|Any CPU
		{009BD0B6-A217-48C4-B500-B6B1D948FB49}.Debug|Any CPU.Build.0 = Debug|Any CPU
		{009BD0B6-A217-48C4-B500-B6B1D948FB49}.Release|Any CPU.ActiveCfg = Release|Any CPU
		{009BD0B6-A217-48C4-B500-B6B1D948FB49}.Release|Any CPU.Build.0 = Release|Any CPU
	EndGlobalSection
	GlobalSection(SolutionProperties) = preSolution
		HideSolutionNode = FALSE
	EndGlobalSection
	GlobalSection(ExtensibilityGlobals) = postSolution
		SolutionGuid = {42558E62-1A67-4010-B9B1-0F9F3D56B354}
	EndGlobalSection
EndGlobal
